
Microsoft Visual Studio Solution File, Format Version 12.00
# Visual Studio Version 16
VisualStudioVersion = 16.0.30011.22
MinimumVisualStudioVersion = 10.0.40219.1
Project("{FAE04EC0-301F-11D3-BF4B-00C04F79EFBC}") = "TrabajoIntegradorLab3", "TrabajoIntegradorLab3.csproj", "{2D8E62A5-3D47-4FC6-ADD3-9171155D421C}"
EndProject
Global
	GlobalSection(SolutionConfigurationPlatforms) = preSolution
		Debug|Any CPU = Debug|Any CPU
		Release|Any CPU = Release|Any CPU
	EndGlobalSection
	GlobalSection(ProjectConfigurationPlatforms) = postSolution
		{2D8E62A5-3D47-4FC6-ADD3-9171155D421C}.Debug|Any CPU.ActiveCfg = Debug|Any CPU
		{2D8E62A5-3D47-4FC6-ADD3-9171155D421C}.Debug|Any CPU.Build.0 = Debug|Any CPU
		{2D8E62A5-3D47-4FC6-ADD3-9171155D421C}.Release|Any CPU.ActiveCfg = Release|Any CPU
		{2D8E62A5-3D47-4FC6-ADD3-9171155D421C}.Release|Any CPU.Build.0 = Release|Any CPU
	EndGlobalSection
	GlobalSection(SolutionProperties) = preSolution
		HideSolutionNode = FALSE
	EndGlobalSection
	GlobalSection(ExtensibilityGlobals) = postSolution
		SolutionGuid = {FE83AC5B-F784-4462-9C60-0BF49F61CA39}
	EndGlobalSection
EndGlobal
